// !$*UTF8*$!
{
	archiveVersion = 1;
	classes = {
	};
	objectVersion = 46;
	objects = {

/* Begin PBXBuildFile section */
		99CDCE401D5713A900B1C676 /* AppDelegate.swift in Sources */ = {isa = PBXBuildFile; fileRef = 99CDCE3F1D5713A900B1C676 /* AppDelegate.swift */; };
		99CDCE421D5713A900B1C676 /* ViewController.swift in Sources */ = {isa = PBXBuildFile; fileRef = 99CDCE411D5713A900B1C676 /* ViewController.swift */; };
		99CDCE451D5713A900B1C676 /* Main.storyboard in Resources */ = {isa = PBXBuildFile; fileRef = 99CDCE431D5713A900B1C676 /* Main.storyboard */; };
		99CDCE471D5713A900B1C676 /* Assets.xcassets in Resources */ = {isa = PBXBuildFile; fileRef = 99CDCE461D5713A900B1C676 /* Assets.xcassets */; };
		99CDCE4A1D5713A900B1C676 /* LaunchScreen.storyboard in Resources */ = {isa = PBXBuildFile; fileRef = 99CDCE481D5713A900B1C676 /* LaunchScreen.storyboard */; };
		99CDCE521D5713BB00B1C676 /* RotatingModalViewController.swift in Sources */ = {isa = PBXBuildFile; fileRef = 99CDCE511D5713BB00B1C676 /* RotatingModalViewController.swift */; };
/* End PBXBuildFile section */

/* Begin PBXFileReference section */
		99CDCE3C1D5713A900B1C676 /* RotationFix.app */ = {isa = PBXFileReference; explicitFileType = wrapper.application; includeInIndex = 0; path = RotationFix.app; sourceTree = BUILT_PRODUCTS_DIR; };
		99CDCE3F1D5713A900B1C676 /* AppDelegate.swift */ = {isa = PBXFileReference; lastKnownFileType = sourcecode.swift; path = AppDelegate.swift; sourceTree = "<group>"; };
		99CDCE411D5713A900B1C676 /* ViewController.swift */ = {isa = PBXFileReference; lastKnownFileType = sourcecode.swift; path = ViewController.swift; sourceTree = "<group>"; };
		99CDCE441D5713A900B1C676 /* Base */ = {isa = PBXFileReference; lastKnownFileType = file.storyboard; name = Base; path = Base.lproj/Main.storyboard; sourceTree = "<group>"; };
		99CDCE461D5713A900B1C676 /* Assets.xcassets */ = {isa = PBXFileReference; lastKnownFileType = folder.assetcatalog; path = Assets.xcassets; sourceTree = "<group>"; };
		99CDCE491D5713A900B1C676 /* Base */ = {isa = PBXFileReference; lastKnownFileType = file.storyboard; name = Base; path = Base.lproj/LaunchScreen.storyboard; sourceTree = "<group>"; };
		99CDCE4B1D5713A900B1C676 /* Info.plist */ = {isa = PBXFileReference; lastKnownFileType = text.plist.xml; path = Info.plist; sourceTree = "<group>"; };
		99CDCE511D5713BB00B1C676 /* RotatingModalViewController.swift */ = {isa = PBXFileReference; fileEncoding = 4; lastKnownFileType = sourcecode.swift; path = RotatingModalViewController.swift; sourceTree = "<group>"; };
/* End PBXFileReference section */

/* Begin PBXFrameworksBuildPhase section */
		99CDCE391D5713A800B1C676 /* Frameworks */ = {
			isa = PBXFrameworksBuildPhase;
			buildActionMask = 2147483647;
			files = (
			);
			runOnlyForDeploymentPostprocessing = 0;
		};
/* End PBXFrameworksBuildPhase section */

/* Begin PBXGroup section */
		99CDCE331D5713A800B1C676 = {
			isa = PBXGroup;
			children = (
				99CDCE3E1D5713A900B1C676 /* RotationFix */,
				99CDCE3D1D5713A900B1C676 /* Products */,
			);
			sourceTree = "<group>";
		};
		99CDCE3D1D5713A900B1C676 /* Products */ = {
			isa = PBXGroup;
			children = (
				99CDCE3C1D5713A900B1C676 /* RotationFix.app */,
			);
			name = Products;
			sourceTree = "<group>";
		};
		99CDCE3E1D5713A900B1C676 /* RotationFix */ = {
			isa = PBXGroup;
			children = (
				99CDCE3F1D5713A900B1C676 /* AppDelegate.swift */,
				99CDCE411D5713A900B1C676 /* ViewController.swift */,
				99CDCE511D5713BB00B1C676 /* RotatingModalViewController.swift */,
				99CDCE431D5713A900B1C676 /* Main.storyboard */,
				99CDCE461D5713A900B1C676 /* Assets.xcassets */,
				99CDCE481D5713A900B1C676 /* LaunchScreen.storyboard */,
				99CDCE4B1D5713A900B1C676 /* Info.plist */,
			);
			path = RotationFix;
			sourceTree = "<group>";
		};
/* End PBXGroup section */

/* Begin PBXNativeTarget section */
		99CDCE3B1D5713A800B1C676 /* RotationFix */ = {
			isa = PBXNativeTarget;
			buildConfigurationList = 99CDCE4E1D5713A900B1C676 /* Build configuration list for PBXNativeTarget "RotationFix" */;
			buildPhases = (
				99CDCE381D5713A800B1C676 /* Sources */,
				99CDCE391D5713A800B1C676 /* Frameworks */,
				99CDCE3A1D5713A800B1C676 /* Resources */,
			);
			buildRules = (
			);
			dependencies = (
			);
			name = RotationFix;
			productName = RotationFix;
			productReference = 99CDCE3C1D5713A900B1C676 /* RotationFix.app */;
			productType = "com.apple.product-type.application";
		};
/* End PBXNativeTarget section */

/* Begin PBXProject section */
		99CDCE341D5713A800B1C676 /* Project object */ = {
			isa = PBXProject;
			attributes = {
				LastSwiftUpdateCheck = 0800;
				LastUpgradeCheck = 0800;
				ORGANIZATIONNAME = CJNevin;
				TargetAttributes = {
					99CDCE3B1D5713A800B1C676 = {
						CreatedOnToolsVersion = 8.0;
						DevelopmentTeam = L5FA4QG79Y;
						DevelopmentTeamName = "Christopher Nevin (Personal Team)";
						ProvisioningStyle = Automatic;
					};
				};
			};
			buildConfigurationList = 99CDCE371D5713A800B1C676 /* Build configuration list for PBXProject "RotationFix" */;
			compatibilityVersion = "Xcode 3.2";
			developmentRegion = English;
			hasScannedForEncodings = 0;
			knownRegions = (
				en,
				Base,
			);
			mainGroup = 99CDCE331D5713A800B1C676;
			productRefGroup = 99CDCE3D1D5713A900B1C676 /* Products */;
			projectDirPath = "";
			projectRoot = "";
			targets = (
				99CDCE3B1D5713A800B1C676 /* RotationFix */,
			);
		};
/* End PBXProject section */

/* Begin PBXResourcesBuildPhase section */
		99CDCE3A1D5713A800B1C676 /* Resources */ = {
			isa = PBXResourcesBuildPhase;
			buildActionMask = 2147483647;
			files = (
				99CDCE4A1D5713A900B1C676 /* LaunchScreen.storyboard in Resources */,
				99CDCE471D5713A900B1C676 /* Assets.xcassets in Resources */,
				99CDCE451D5713A900B1C676 /* Main.storyboard in Resources */,
			);
			runOnlyForDeploymentPostprocessing = 0;
		};
/* End PBXResourcesBuildPhase section */

/* Begin PBXSourcesBuildPhase section */
		99CDCE381D5713A800B1C676 /* Sources */ = {
			isa = PBXSourcesBuildPhase;
			buildActionMask = 2147483647;
			files = (
				99CDCE521D5713BB00B1C676 /* RotatingModalViewController.swift in Sources */,
				99CDCE421D5713A900B1C676 /* ViewController.swift in Sources */,
				99CDCE401D5713A900B1C676 /* AppDelegate.swift in Sources */,
			);
			runOnlyForDeploymentPostprocessing = 0;
		};
/* End PBXSourcesBuildPhase section */

/* Begin PBXVariantGroup section */
		99CDCE431D5713A900B1C676 /* Main.storyboard */ = {
			isa = PBXVariantGroup;
			children = (
				99CDCE441D5713A900B1C676 /* Base */,
			);
			name = Main.storyboard;
			sourceTree = "<group>";
		};
		99CDCE481D5713A900B1C676 /* LaunchScreen.storyboard */ = {
			isa = PBXVariantGroup;
			children = (
				99CDCE491D5713A900B1C676 /* Base */,
			);
			name = LaunchScreen.storyboard;
			sourceTree = "<group>";
		};
/* End PBXVariantGroup section */

/* Begin XCBuildConfiguration section */
		99CDCE4C1D5713A900B1C676 /* Debug */ = {
			isa = XCBuildConfiguration;
			buildSettings = {
				ALWAYS_SEARCH_USER_PATHS = NO;
				CLANG_ANALYZER_NONNULL = YES;
				CLANG_CXX_LANGUAGE_STANDARD = "gnu++0x";
				CLANG_CXX_LIBRARY = "libc++";
				CLANG_ENABLE_MODULES = YES;
				CLANG_ENABLE_OBJC_ARC = YES;
				CLANG_WARN_BOOL_CONVERSION = YES;
				CLANG_WARN_CONSTANT_CONVERSION = YES;
				CLANG_WARN_DIRECT_OBJC_ISA_USAGE = YES_ERROR;
				CLANG_WARN_DOCUMENTATION_COMMENTS = YES;
				CLANG_WARN_EMPTY_BODY = YES;
				CLANG_WARN_ENUM_CONVERSION = YES;
				CLANG_WARN_INT_CONVERSION = YES;
				CLANG_WARN_OBJC_ROOT_CLASS = YES_ERROR;
				CLANG_WARN_UNREACHABLE_CODE = YES;
				CLANG_WARN__DUPLICATE_METHOD_MATCH = YES;
				"CODE_SIGN_IDENTITY[sdk=iphoneos*]" = "iPhone Developer";
				COPY_PHASE_STRIP = NO;
				DEBUG_INFORMATION_FORMAT = dwarf;
				ENABLE_STRICT_OBJC_MSGSEND = YES;
				ENABLE_TESTABILITY = YES;
				GCC_C_LANGUAGE_STANDARD = gnu99;
				GCC_DYNAMIC_NO_PIC = NO;
				GCC_NO_COMMON_BLOCKS = YES;
				GCC_OPTIMIZATION_LEVEL = 0;
				GCC_PREPROCESSOR_DEFINITIONS = (
					"DEBUG=1",
					"$(inherited)",
				);
				GCC_WARN_64_TO_32_BIT_CONVERSION = YES;
				GCC_WARN_ABOUT_RETURN_TYPE = YES_ERROR;
				GCC_WARN_UNDECLARED_SELECTOR = YES;
				GCC_WARN_UNINITIALIZED_AUTOS = YES_AGGRESSIVE;
				GCC_WARN_UNUSED_FUNCTION = YES;
				GCC_WARN_UNUSED_VARIABLE = YES;
				IPHONEOS_DEPLOYMENT_TARGET = 8.0;
				MTL_ENABLE_DEBUG_INFO = YES;
				ONLY_ACTIVE_ARCH = YES;
				SDKROOT = iphoneos;
				SWIFT_ACTIVE_COMPILATION_CONDITIONS = DEBUG;
				SWIFT_OPTIMIZATION_LEVEL = "-Onone";
			};
			name = Debug;
		};
		99CDCE4D1D5713A900B1C676 /* Release */ = {
			isa = XCBuildConfiguration;
			buildSettings = {
				ALWAYS_SEARCH_USER_PATHS = NO;
				CLANG_ANALYZER_NONNULL = YES;
				CLANG_CXX_LANGUAGE_STANDARD = "gnu++0x";
				CLANG_CXX_LIBRARY = "libc++";
				CLANG_ENABLE_MODULES = YES;
				CLANG_ENABLE_OBJC_ARC = YES;
				CLANG_WARN_BOOL_CONVERSION = YES;
				CLANG_WARN_CONSTANT_CONVERSION = YES;
				CLANG_WARN_DIRECT_OBJC_ISA_USAGE = YES_ERROR;
				CLANG_WARN_DOCUMENTATION_COMMENTS = YES;
				CLANG_WARN_EMPTY_BODY = YES;
				CLANG_WARN_ENUM_CONVERSION = YES;
				CLANG_WARN_INT_CONVERSION = YES;
				CLANG_WARN_OBJC_ROOT_CLASS = YES_ERROR;
				CLANG_WARN_UNREACHABLE_CODE = YES;
				CLANG_WARN__DUPLICATE_METHOD_MATCH = YES;
				"CODE_SIGN_IDENTITY[sdk=iphoneos*]" = "iPhone Developer";
				COPY_PHASE_STRIP = NO;
				DEBUG_INFORMATION_FORMAT = "dwarf-with-dsym";
				ENABLE_NS_ASSERTIONS = NO;
				ENABLE_STRICT_OBJC_MSGSEND = YES;
				GCC_C_LANGUAGE_STANDARD = gnu99;
				GCC_NO_COMMON_BLOCKS = YES;
				GCC_WARN_64_TO_32_BIT_CONVERSION = YES;
				GCC_WARN_ABOUT_RETURN_TYPE = YES_ERROR;
				GCC_WARN_UNDECLARED_SELECTOR = YES;
				GCC_WARN_UNINITIALIZED_AUTOS = YES_AGGRESSIVE;
				GCC_WARN_UNUSED_FUNCTION = YES;
				GCC_WARN_UNUSED_VARIABLE = YES;
				IPHONEOS_DEPLOYMENT_TARGET = 8.0;
				MTL_ENABLE_DEBUG_INFO = NO;
				SDKROOT = iphoneos;
				SWIFT_OPTIMIZATION_LEVEL = "-Owholemodule";
				VALIDATE_PRODUCT = YES;
			};
			name = Release;
		};
		99CDCE4F1D5713A900B1C676 /* Debug */ = {
			isa = XCBuildConfiguration;
			buildSettings = {
				ASSETCATALOG_COMPILER_APPICON_NAME = AppIcon;
				INFOPLIST_FILE = RotationFix/Info.plist;
				IPHONEOS_DEPLOYMENT_TARGET = 8.0;
				LD_RUNPATH_SEARCH_PATHS = "$(inherited) @executable_path/Frameworks";
				PRODUCT_BUNDLE_IDENTIFIER = com.cjnevin.RotationFix;
				PRODUCT_NAME = "$(TARGET_NAME)";
				SWIFT_VERSION = 3.0;
			};
			name = Debug;
		};
		99CDCE501D5713A900B1C676 /* Release */ = {
			isa = XCBuildConfiguration;
			buildSettings = {
				ASSETCATALOG_COMPILER_APPICON_NAME = AppIcon;
				INFOPLIST_FILE = RotationFix/Info.plist;
				IPHONEOS_DEPLOYMENT_TARGET = 8.0;
				LD_RUNPATH_SEARCH_PATHS = "$(inherited) @executable_path/Frameworks";
				PRODUCT_BUNDLE_IDENTIFIER = com.cjnevin.RotationFix;
				PRODUCT_NAME = "$(TARGET_NAME)";
				SWIFT_VERSION = 3.0;
			};
			name = Release;
		};
/* End XCBuildConfiguration section */

/* Begin XCConfigurationList section */
		99CDCE371D5713A800B1C676 /* Build configuration list for PBXProject "RotationFix" */ = {
			isa = XCConfigurationList;
			buildConfigurations = (
				99CDCE4C1D5713A900B1C676 /* Debug */,
				99CDCE4D1D5713A900B1C676 /* Release */,
			);
			defaultConfigurationIsVisible = 0;
			defaultConfigurationName = Release;
		};
		99CDCE4E1D5713A900B1C676 /* Build configuration list for PBXNativeTarget "RotationFix" */ = {
			isa = XCConfigurationList;
			buildConfigurations = (
				99CDCE4F1D5713A900B1C676 /* Debug */,
				99CDCE501D5713A900B1C676 /* Release */,
			);
			defaultConfigurationIsVisible = 0;
			defaultConfigurationName = Release;
		};
/* End XCConfigurationList section */
	};
	rootObject = 99CDCE341D5713A800B1C676 /* Project object */;
}
